
Microsoft Visual Studio Solution File, Format Version 12.00
# Visual Studio 15
VisualStudioVersion = 15.0.27130.2036
MinimumVisualStudioVersion = 10.0.40219.1
Project("{FAE04EC0-301F-11D3-BF4B-00C04F79EFBC}") = "Foodtruck.Negocio", "Foodtruck.Negocio\Foodtruck.Negocio.csproj", "{6C5B7E96-AC66-40BC-8A82-0131B4524134}"
EndProject
Project("{FAE04EC0-301F-11D3-BF4B-00C04F79EFBC}") = "FoodTruck.Grafico", "FoodTruck.Grafico\FoodTruck.Grafico.csproj", "{0B64BFB3-19ED-40AB-A8BA-6A7395A74A42}"
EndProject
Global
	GlobalSection(SolutionConfigurationPlatforms) = preSolution
		Debug|Any CPU = Debug|Any CPU
		Release|Any CPU = Release|Any CPU
	EndGlobalSection
	GlobalSection(ProjectConfigurationPlatforms) = postSolution
		{6C5B7E96-AC66-40BC-8A82-0131B4524134}.Debug|Any CPU.ActiveCfg = Debug|Any CPU
		{6C5B7E96-AC66-40BC-8A82-0131B4524134}.Debug|Any CPU.Build.0 = Debug|Any CPU
		{6C5B7E96-AC66-40BC-8A82-0131B4524134}.Release|Any CPU.ActiveCfg = Release|Any CPU
		{6C5B7E96-AC66-40BC-8A82-0131B4524134}.Release|Any CPU.Build.0 = Release|Any CPU
		{0B64BFB3-19ED-40AB-A8BA-6A7395A74A42}.Debug|Any CPU.ActiveCfg = Debug|Any CPU
		{0B64BFB3-19ED-40AB-A8BA-6A7395A74A42}.Debug|Any CPU.Build.0 = Debug|Any CPU
		{0B64BFB3-19ED-40AB-A8BA-6A7395A74A42}.Release|Any CPU.ActiveCfg = Release|Any CPU
		{0B64BFB3-19ED-40AB-A8BA-6A7395A74A42}.Release|Any CPU.Build.0 = Release|Any CPU
	EndGlobalSection
	GlobalSection(SolutionProperties) = preSolution
		HideSolutionNode = FALSE
	EndGlobalSection
	GlobalSection(ExtensibilityGlobals) = postSolution
		SolutionGuid = {BF4BC4E6-25E0-45B4-99E7-3C64088B3BFA}
	EndGlobalSection
EndGlobal
