
Microsoft Visual Studio Solution File, Format Version 12.00
# Visual Studio 15
VisualStudioVersion = 15.0.27130.2036
MinimumVisualStudioVersion = 10.0.40219.1
Project("{FAE04EC0-301F-11D3-BF4B-00C04F79EFBC}") = "Foodtruck.telas", "Foodtruck.telas\Foodtruck.telas.csproj", "{B7EC17A1-F612-4DF4-AAF7-B12C0F6E60E7}"
EndProject
Global
	GlobalSection(SolutionConfigurationPlatforms) = preSolution
		Debug|Any CPU = Debug|Any CPU
		Release|Any CPU = Release|Any CPU
	EndGlobalSection
	GlobalSection(ProjectConfigurationPlatforms) = postSolution
		{B7EC17A1-F612-4DF4-AAF7-B12C0F6E60E7}.Debug|Any CPU.ActiveCfg = Debug|Any CPU
		{B7EC17A1-F612-4DF4-AAF7-B12C0F6E60E7}.Debug|Any CPU.Build.0 = Debug|Any CPU
		{B7EC17A1-F612-4DF4-AAF7-B12C0F6E60E7}.Release|Any CPU.ActiveCfg = Release|Any CPU
		{B7EC17A1-F612-4DF4-AAF7-B12C0F6E60E7}.Release|Any CPU.Build.0 = Release|Any CPU
	EndGlobalSection
	GlobalSection(SolutionProperties) = preSolution
		HideSolutionNode = FALSE
	EndGlobalSection
	GlobalSection(ExtensibilityGlobals) = postSolution
		SolutionGuid = {BF4BC4E6-25E0-45B4-99E7-3C64088B3BFA}
	EndGlobalSection
EndGlobal
